
Microsoft Visual Studio Solution File, Format Version 10.00
# Visual Studio 2008
Project("{FAE04EC0-301F-11D3-BF4B-00C04F79EFBC}") = "OpenCLNet", "OpenCLNet\OpenCLNet.csproj", "{758285C6-1ACA-458A-9906-EE6701D5AF87}"
EndProject
Project("{FAE04EC0-301F-11D3-BF4B-00C04F79EFBC}") = "OpenCLTest", "..\examples\OpenCLTest\OpenCLTest.csproj", "{68E39C68-7A11-4AF8-9FEA-3147E720D96D}"
EndProject
Project("{F184B08F-C81C-45F6-A57F-5ABD9991F28F}") = "OpenCLVBTest", "..\examples\OpenCLVBTest\OpenCLVBTest.vbproj", "{397E0A3D-6B9B-4718-8DA2-421AA5EF8864}"
EndProject
Project("{FAE04EC0-301F-11D3-BF4B-00C04F79EFBC}") = "UnitTests", "UnitTests\UnitTests.csproj", "{264E13EF-4308-4033-96C1-54C13C82D7C0}"
EndProject
Project("{FAE04EC0-301F-11D3-BF4B-00C04F79EFBC}") = "ImageCrossFade", "..\examples\ImageCrossFade\ImageCrossFade.csproj", "{F7D24581-6EA3-4D20-A722-1BACC34B94AA}"
EndProject
Project("{FAE04EC0-301F-11D3-BF4B-00C04F79EFBC}") = "OpenCLImageTest", "..\examples\OpenCLImageTest\OpenCLImageTest.csproj", "{64E8D6E8-B245-47E4-BA61-9BD000E187FA}"
EndProject
Project("{FAE04EC0-301F-11D3-BF4B-00C04F79EFBC}") = "OpenCLTools", "OpenCLTools\OpenCLTools.csproj", "{E0947695-7750-4043-B5D1-046360A345B9}"
EndProject
Global
	GlobalSection(SolutionConfigurationPlatforms) = preSolution
		Debug|Any CPU = Debug|Any CPU
		Debug|x64 = Debug|x64
		Debug|x86 = Debug|x86
		Release|Any CPU = Release|Any CPU
		Release|x64 = Release|x64
		Release|x86 = Release|x86
	EndGlobalSection
	GlobalSection(ProjectConfigurationPlatforms) = postSolution
		{758285C6-1ACA-458A-9906-EE6701D5AF87}.Debug|Any CPU.ActiveCfg = Debug|Any CPU
		{758285C6-1ACA-458A-9906-EE6701D5AF87}.Debug|Any CPU.Build.0 = Debug|Any CPU
		{758285C6-1ACA-458A-9906-EE6701D5AF87}.Debug|x64.ActiveCfg = Debug|x64
		{758285C6-1ACA-458A-9906-EE6701D5AF87}.Debug|x64.Build.0 = Debug|x64
		{758285C6-1ACA-458A-9906-EE6701D5AF87}.Debug|x86.ActiveCfg = Debug|x86
		{758285C6-1ACA-458A-9906-EE6701D5AF87}.Debug|x86.Build.0 = Debug|x86
		{758285C6-1ACA-458A-9906-EE6701D5AF87}.Release|Any CPU.ActiveCfg = Release|Any CPU
		{758285C6-1ACA-458A-9906-EE6701D5AF87}.Release|Any CPU.Build.0 = Release|Any CPU
		{758285C6-1ACA-458A-9906-EE6701D5AF87}.Release|x64.ActiveCfg = Release|x64
		{758285C6-1ACA-458A-9906-EE6701D5AF87}.Release|x64.Build.0 = Release|x64
		{758285C6-1ACA-458A-9906-EE6701D5AF87}.Release|x86.ActiveCfg = Release|x86
		{758285C6-1ACA-458A-9906-EE6701D5AF87}.Release|x86.Build.0 = Release|x86
		{68E39C68-7A11-4AF8-9FEA-3147E720D96D}.Debug|Any CPU.ActiveCfg = Debug|Any CPU
		{68E39C68-7A11-4AF8-9FEA-3147E720D96D}.Debug|Any CPU.Build.0 = Debug|Any CPU
		{68E39C68-7A11-4AF8-9FEA-3147E720D96D}.Debug|x64.ActiveCfg = Debug|x64
		{68E39C68-7A11-4AF8-9FEA-3147E720D96D}.Debug|x64.Build.0 = Debug|x64
		{68E39C68-7A11-4AF8-9FEA-3147E720D96D}.Debug|x86.ActiveCfg = Debug|x86
		{68E39C68-7A11-4AF8-9FEA-3147E720D96D}.Debug|x86.Build.0 = Debug|x86
		{68E39C68-7A11-4AF8-9FEA-3147E720D96D}.Release|Any CPU.ActiveCfg = Release|Any CPU
		{68E39C68-7A11-4AF8-9FEA-3147E720D96D}.Release|Any CPU.Build.0 = Release|Any CPU
		{68E39C68-7A11-4AF8-9FEA-3147E720D96D}.Release|x64.ActiveCfg = Release|x64
		{68E39C68-7A11-4AF8-9FEA-3147E720D96D}.Release|x64.Build.0 = Release|x64
		{68E39C68-7A11-4AF8-9FEA-3147E720D96D}.Release|x86.ActiveCfg = Release|x86
		{68E39C68-7A11-4AF8-9FEA-3147E720D96D}.Release|x86.Build.0 = Release|x86
		{397E0A3D-6B9B-4718-8DA2-421AA5EF8864}.Debug|Any CPU.ActiveCfg = Debug|Any CPU
		{397E0A3D-6B9B-4718-8DA2-421AA5EF8864}.Debug|Any CPU.Build.0 = Debug|Any CPU
		{397E0A3D-6B9B-4718-8DA2-421AA5EF8864}.Debug|x64.ActiveCfg = Debug|x64
		{397E0A3D-6B9B-4718-8DA2-421AA5EF8864}.Debug|x64.Build.0 = Debug|x64
		{397E0A3D-6B9B-4718-8DA2-421AA5EF8864}.Debug|x86.ActiveCfg = Debug|x86
		{397E0A3D-6B9B-4718-8DA2-421AA5EF8864}.Debug|x86.Build.0 = Debug|x86
		{397E0A3D-6B9B-4718-8DA2-421AA5EF8864}.Release|Any CPU.ActiveCfg = Release|Any CPU
		{397E0A3D-6B9B-4718-8DA2-421AA5EF8864}.Release|Any CPU.Build.0 = Release|Any CPU
		{397E0A3D-6B9B-4718-8DA2-421AA5EF8864}.Release|x64.ActiveCfg = Release|x64
		{397E0A3D-6B9B-4718-8DA2-421AA5EF8864}.Release|x64.Build.0 = Release|x64
		{397E0A3D-6B9B-4718-8DA2-421AA5EF8864}.Release|x86.ActiveCfg = Release|x86
		{397E0A3D-6B9B-4718-8DA2-421AA5EF8864}.Release|x86.Build.0 = Release|x86
		{264E13EF-4308-4033-96C1-54C13C82D7C0}.Debug|Any CPU.ActiveCfg = Debug|Any CPU
		{264E13EF-4308-4033-96C1-54C13C82D7C0}.Debug|Any CPU.Build.0 = Debug|Any CPU
		{264E13EF-4308-4033-96C1-54C13C82D7C0}.Debug|x64.ActiveCfg = Debug|x64
		{264E13EF-4308-4033-96C1-54C13C82D7C0}.Debug|x64.Build.0 = Debug|x64
		{264E13EF-4308-4033-96C1-54C13C82D7C0}.Debug|x86.ActiveCfg = Debug|x86
		{264E13EF-4308-4033-96C1-54C13C82D7C0}.Debug|x86.Build.0 = Debug|x86
		{264E13EF-4308-4033-96C1-54C13C82D7C0}.Release|Any CPU.ActiveCfg = Release|Any CPU
		{264E13EF-4308-4033-96C1-54C13C82D7C0}.Release|Any CPU.Build.0 = Release|Any CPU
		{264E13EF-4308-4033-96C1-54C13C82D7C0}.Release|x64.ActiveCfg = Release|x64
		{264E13EF-4308-4033-96C1-54C13C82D7C0}.Release|x64.Build.0 = Release|x64
		{264E13EF-4308-4033-96C1-54C13C82D7C0}.Release|x86.ActiveCfg = Release|x86
		{264E13EF-4308-4033-96C1-54C13C82D7C0}.Release|x86.Build.0 = Release|x86
		{F7D24581-6EA3-4D20-A722-1BACC34B94AA}.Debug|Any CPU.ActiveCfg = Debug|Any CPU
		{F7D24581-6EA3-4D20-A722-1BACC34B94AA}.Debug|Any CPU.Build.0 = Debug|Any CPU
		{F7D24581-6EA3-4D20-A722-1BACC34B94AA}.Debug|x64.ActiveCfg = Debug|x64
		{F7D24581-6EA3-4D20-A722-1BACC34B94AA}.Debug|x64.Build.0 = Debug|x64
		{F7D24581-6EA3-4D20-A722-1BACC34B94AA}.Debug|x86.ActiveCfg = Debug|x86
		{F7D24581-6EA3-4D20-A722-1BACC34B94AA}.Debug|x86.Build.0 = Debug|x86
		{F7D24581-6EA3-4D20-A722-1BACC34B94AA}.Release|Any CPU.ActiveCfg = Release|Any CPU
		{F7D24581-6EA3-4D20-A722-1BACC34B94AA}.Release|Any CPU.Build.0 = Release|Any CPU
		{F7D24581-6EA3-4D20-A722-1BACC34B94AA}.Release|x64.ActiveCfg = Release|x64
		{F7D24581-6EA3-4D20-A722-1BACC34B94AA}.Release|x64.Build.0 = Release|x64
		{F7D24581-6EA3-4D20-A722-1BACC34B94AA}.Release|x86.ActiveCfg = Release|x86
		{F7D24581-6EA3-4D20-A722-1BACC34B94AA}.Release|x86.Build.0 = Release|x86
		{64E8D6E8-B245-47E4-BA61-9BD000E187FA}.Debug|Any CPU.ActiveCfg = Debug|Any CPU
		{64E8D6E8-B245-47E4-BA61-9BD000E187FA}.Debug|Any CPU.Build.0 = Debug|Any CPU
		{64E8D6E8-B245-47E4-BA61-9BD000E187FA}.Debug|x64.ActiveCfg = Debug|x64
		{64E8D6E8-B245-47E4-BA61-9BD000E187FA}.Debug|x64.Build.0 = Debug|x64
		{64E8D6E8-B245-47E4-BA61-9BD000E187FA}.Debug|x86.ActiveCfg = Debug|x86
		{64E8D6E8-B245-47E4-BA61-9BD000E187FA}.Debug|x86.Build.0 = Debug|x86
		{64E8D6E8-B245-47E4-BA61-9BD000E187FA}.Release|Any CPU.ActiveCfg = Release|Any CPU
		{64E8D6E8-B245-47E4-BA61-9BD000E187FA}.Release|Any CPU.Build.0 = Release|Any CPU
		{64E8D6E8-B245-47E4-BA61-9BD000E187FA}.Release|x64.ActiveCfg = Release|x64
		{64E8D6E8-B245-47E4-BA61-9BD000E187FA}.Release|x64.Build.0 = Release|x64
		{64E8D6E8-B245-47E4-BA61-9BD000E187FA}.Release|x86.ActiveCfg = Release|x86
		{64E8D6E8-B245-47E4-BA61-9BD000E187FA}.Release|x86.Build.0 = Release|x86
		{E0947695-7750-4043-B5D1-046360A345B9}.Debug|Any CPU.ActiveCfg = Debug|Any CPU
		{E0947695-7750-4043-B5D1-046360A345B9}.Debug|Any CPU.Build.0 = Debug|Any CPU
		{E0947695-7750-4043-B5D1-046360A345B9}.Debug|x64.ActiveCfg = Debug|Any CPU
		{E0947695-7750-4043-B5D1-046360A345B9}.Debug|x86.ActiveCfg = Debug|Any CPU
		{E0947695-7750-4043-B5D1-046360A345B9}.Release|Any CPU.ActiveCfg = Release|Any CPU
		{E0947695-7750-4043-B5D1-046360A345B9}.Release|Any CPU.Build.0 = Release|Any CPU
		{E0947695-7750-4043-B5D1-046360A345B9}.Release|x64.ActiveCfg = Release|Any CPU
		{E0947695-7750-4043-B5D1-046360A345B9}.Release|x86.ActiveCfg = Release|Any CPU
	EndGlobalSection
	GlobalSection(SolutionProperties) = preSolution
		HideSolutionNode = FALSE
	EndGlobalSection
EndGlobal
